
Microsoft Visual Studio Solution File, Format Version 12.00
# Visual Studio 15
VisualStudioVersion = 15.0.27130.2010
MinimumVisualStudioVersion = 10.0.40219.1
Project("{FAE04EC0-301F-11D3-BF4B-00C04F79EFBC}") = "SKampusApp.Android", "SKampusApp\SKampusApp.Android\SKampusApp.Android.csproj", "{25F0FDBA-283A-47B3-B023-3ABC62F54CA6}"
EndProject
Project("{FAE04EC0-301F-11D3-BF4B-00C04F79EFBC}") = "SKampusApp.iOS", "SKampusApp\SKampusApp.iOS\SKampusApp.iOS.csproj", "{FA910A82-CED5-42A0-A3F3-08A046B35C1E}"
EndProject
Project("{FAE04EC0-301F-11D3-BF4B-00C04F79EFBC}") = "SKampusApp", "SKampusApp\SKampusApp\SKampusApp.csproj", "{4EF4F75A-F5D2-4136-BF83-59878120A9A4}"
EndProject
Global
	GlobalSection(SolutionConfigurationPlatforms) = preSolution
		Ad-Hoc|Any CPU = Ad-Hoc|Any CPU
		Ad-Hoc|iPhone = Ad-Hoc|iPhone
		Ad-Hoc|iPhoneSimulator = Ad-Hoc|iPhoneSimulator
		AppStore|Any CPU = AppStore|Any CPU
		AppStore|iPhone = AppStore|iPhone
		AppStore|iPhoneSimulator = AppStore|iPhoneSimulator
		Debug|Any CPU = Debug|Any CPU
		Debug|iPhone = Debug|iPhone
		Debug|iPhoneSimulator = Debug|iPhoneSimulator
		Release|Any CPU = Release|Any CPU
		Release|iPhone = Release|iPhone
		Release|iPhoneSimulator = Release|iPhoneSimulator
	EndGlobalSection
	GlobalSection(ProjectConfigurationPlatforms) = postSolution
		{25F0FDBA-283A-47B3-B023-3ABC62F54CA6}.Ad-Hoc|Any CPU.ActiveCfg = Release|Any CPU
		{25F0FDBA-283A-47B3-B023-3ABC62F54CA6}.Ad-Hoc|Any CPU.Build.0 = Release|Any CPU
		{25F0FDBA-283A-47B3-B023-3ABC62F54CA6}.Ad-Hoc|Any CPU.Deploy.0 = Release|Any CPU
		{25F0FDBA-283A-47B3-B023-3ABC62F54CA6}.Ad-Hoc|iPhone.ActiveCfg = Release|Any CPU
		{25F0FDBA-283A-47B3-B023-3ABC62F54CA6}.Ad-Hoc|iPhone.Build.0 = Release|Any CPU
		{25F0FDBA-283A-47B3-B023-3ABC62F54CA6}.Ad-Hoc|iPhone.Deploy.0 = Release|Any CPU
		{25F0FDBA-283A-47B3-B023-3ABC62F54CA6}.Ad-Hoc|iPhoneSimulator.ActiveCfg = Release|Any CPU
		{25F0FDBA-283A-47B3-B023-3ABC62F54CA6}.Ad-Hoc|iPhoneSimulator.Build.0 = Release|Any CPU
		{25F0FDBA-283A-47B3-B023-3ABC62F54CA6}.Ad-Hoc|iPhoneSimulator.Deploy.0 = Release|Any CPU
		{25F0FDBA-283A-47B3-B023-3ABC62F54CA6}.AppStore|Any CPU.ActiveCfg = Release|Any CPU
		{25F0FDBA-283A-47B3-B023-3ABC62F54CA6}.AppStore|Any CPU.Build.0 = Release|Any CPU
		{25F0FDBA-283A-47B3-B023-3ABC62F54CA6}.AppStore|Any CPU.Deploy.0 = Release|Any CPU
		{25F0FDBA-283A-47B3-B023-3ABC62F54CA6}.AppStore|iPhone.ActiveCfg = Release|Any CPU
		{25F0FDBA-283A-47B3-B023-3ABC62F54CA6}.AppStore|iPhone.Build.0 = Release|Any CPU
		{25F0FDBA-283A-47B3-B023-3ABC62F54CA6}.AppStore|iPhone.Deploy.0 = Release|Any CPU
		{25F0FDBA-283A-47B3-B023-3ABC62F54CA6}.AppStore|iPhoneSimulator.ActiveCfg = Release|Any CPU
		{25F0FDBA-283A-47B3-B023-3ABC62F54CA6}.AppStore|iPhoneSimulator.Build.0 = Release|Any CPU
		{25F0FDBA-283A-47B3-B023-3ABC62F54CA6}.AppStore|iPhoneSimulator.Deploy.0 = Release|Any CPU
		{25F0FDBA-283A-47B3-B023-3ABC62F54CA6}.Debug|Any CPU.ActiveCfg = Debug|Any CPU
		{25F0FDBA-283A-47B3-B023-3ABC62F54CA6}.Debug|Any CPU.Build.0 = Debug|Any CPU
		{25F0FDBA-283A-47B3-B023-3ABC62F54CA6}.Debug|Any CPU.Deploy.0 = Debug|Any CPU
		{25F0FDBA-283A-47B3-B023-3ABC62F54CA6}.Debug|iPhone.ActiveCfg = Debug|Any CPU
		{25F0FDBA-283A-47B3-B023-3ABC62F54CA6}.Debug|iPhone.Build.0 = Debug|Any CPU
		{25F0FDBA-283A-47B3-B023-3ABC62F54CA6}.Debug|iPhone.Deploy.0 = Debug|Any CPU
		{25F0FDBA-283A-47B3-B023-3ABC62F54CA6}.Debug|iPhoneSimulator.ActiveCfg = Debug|Any CPU
		{25F0FDBA-283A-47B3-B023-3ABC62F54CA6}.Debug|iPhoneSimulator.Build.0 = Debug|Any CPU
		{25F0FDBA-283A-47B3-B023-3ABC62F54CA6}.Debug|iPhoneSimulator.Deploy.0 = Debug|Any CPU
		{25F0FDBA-283A-47B3-B023-3ABC62F54CA6}.Release|Any CPU.ActiveCfg = Release|Any CPU
		{25F0FDBA-283A-47B3-B023-3ABC62F54CA6}.Release|Any CPU.Build.0 = Release|Any CPU
		{25F0FDBA-283A-47B3-B023-3ABC62F54CA6}.Release|Any CPU.Deploy.0 = Release|Any CPU
		{25F0FDBA-283A-47B3-B023-3ABC62F54CA6}.Release|iPhone.ActiveCfg = Release|Any CPU
		{25F0FDBA-283A-47B3-B023-3ABC62F54CA6}.Release|iPhone.Build.0 = Release|Any CPU
		{25F0FDBA-283A-47B3-B023-3ABC62F54CA6}.Release|iPhone.Deploy.0 = Release|Any CPU
		{25F0FDBA-283A-47B3-B023-3ABC62F54CA6}.Release|iPhoneSimulator.ActiveCfg = Release|Any CPU
		{25F0FDBA-283A-47B3-B023-3ABC62F54CA6}.Release|iPhoneSimulator.Build.0 = Release|Any CPU
		{25F0FDBA-283A-47B3-B023-3ABC62F54CA6}.Release|iPhoneSimulator.Deploy.0 = Release|Any CPU
		{FA910A82-CED5-42A0-A3F3-08A046B35C1E}.Ad-Hoc|Any CPU.ActiveCfg = Ad-Hoc|iPhone
		{FA910A82-CED5-42A0-A3F3-08A046B35C1E}.Ad-Hoc|iPhone.ActiveCfg = Ad-Hoc|iPhone
		{FA910A82-CED5-42A0-A3F3-08A046B35C1E}.Ad-Hoc|iPhone.Build.0 = Ad-Hoc|iPhone
		{FA910A82-CED5-42A0-A3F3-08A046B35C1E}.Ad-Hoc|iPhoneSimulator.ActiveCfg = Ad-Hoc|iPhoneSimulator
		{FA910A82-CED5-42A0-A3F3-08A046B35C1E}.Ad-Hoc|iPhoneSimulator.Build.0 = Ad-Hoc|iPhoneSimulator
		{FA910A82-CED5-42A0-A3F3-08A046B35C1E}.AppStore|Any CPU.ActiveCfg = AppStore|iPhone
		{FA910A82-CED5-42A0-A3F3-08A046B35C1E}.AppStore|iPhone.ActiveCfg = AppStore|iPhone
		{FA910A82-CED5-42A0-A3F3-08A046B35C1E}.AppStore|iPhone.Build.0 = AppStore|iPhone
		{FA910A82-CED5-42A0-A3F3-08A046B35C1E}.AppStore|iPhoneSimulator.ActiveCfg = AppStore|iPhoneSimulator
		{FA910A82-CED5-42A0-A3F3-08A046B35C1E}.AppStore|iPhoneSimulator.Build.0 = AppStore|iPhoneSimulator
		{FA910A82-CED5-42A0-A3F3-08A046B35C1E}.Debug|Any CPU.ActiveCfg = Debug|iPhone
		{FA910A82-CED5-42A0-A3F3-08A046B35C1E}.Debug|iPhone.ActiveCfg = Debug|iPhone
		{FA910A82-CED5-42A0-A3F3-08A046B35C1E}.Debug|iPhone.Build.0 = Debug|iPhone
		{FA910A82-CED5-42A0-A3F3-08A046B35C1E}.Debug|iPhoneSimulator.ActiveCfg = Debug|iPhoneSimulator
		{FA910A82-CED5-42A0-A3F3-08A046B35C1E}.Debug|iPhoneSimulator.Build.0 = Debug|iPhoneSimulator
		{FA910A82-CED5-42A0-A3F3-08A046B35C1E}.Release|Any CPU.ActiveCfg = Release|iPhone
		{FA910A82-CED5-42A0-A3F3-08A046B35C1E}.Release|iPhone.ActiveCfg = Release|iPhone
		{FA910A82-CED5-42A0-A3F3-08A046B35C1E}.Release|iPhone.Build.0 = Release|iPhone
		{FA910A82-CED5-42A0-A3F3-08A046B35C1E}.Release|iPhoneSimulator.ActiveCfg = Release|iPhoneSimulator
		{FA910A82-CED5-42A0-A3F3-08A046B35C1E}.Release|iPhoneSimulator.Build.0 = Release|iPhoneSimulator
		{4EF4F75A-F5D2-4136-BF83-59878120A9A4}.Ad-Hoc|Any CPU.ActiveCfg = Debug|Any CPU
		{4EF4F75A-F5D2-4136-BF83-59878120A9A4}.Ad-Hoc|Any CPU.Build.0 = Debug|Any CPU
		{4EF4F75A-F5D2-4136-BF83-59878120A9A4}.Ad-Hoc|iPhone.ActiveCfg = Debug|Any CPU
		{4EF4F75A-F5D2-4136-BF83-59878120A9A4}.Ad-Hoc|iPhone.Build.0 = Debug|Any CPU
		{4EF4F75A-F5D2-4136-BF83-59878120A9A4}.Ad-Hoc|iPhoneSimulator.ActiveCfg = Debug|Any CPU
		{4EF4F75A-F5D2-4136-BF83-59878120A9A4}.Ad-Hoc|iPhoneSimulator.Build.0 = Debug|Any CPU
		{4EF4F75A-F5D2-4136-BF83-59878120A9A4}.AppStore|Any CPU.ActiveCfg = Debug|Any CPU
		{4EF4F75A-F5D2-4136-BF83-59878120A9A4}.AppStore|Any CPU.Build.0 = Debug|Any CPU
		{4EF4F75A-F5D2-4136-BF83-59878120A9A4}.AppStore|iPhone.ActiveCfg = Debug|Any CPU
		{4EF4F75A-F5D2-4136-BF83-59878120A9A4}.AppStore|iPhone.Build.0 = Debug|Any CPU
		{4EF4F75A-F5D2-4136-BF83-59878120A9A4}.AppStore|iPhoneSimulator.ActiveCfg = Debug|Any CPU
		{4EF4F75A-F5D2-4136-BF83-59878120A9A4}.AppStore|iPhoneSimulator.Build.0 = Debug|Any CPU
		{4EF4F75A-F5D2-4136-BF83-59878120A9A4}.Debug|Any CPU.ActiveCfg = Debug|Any CPU
		{4EF4F75A-F5D2-4136-BF83-59878120A9A4}.Debug|Any CPU.Build.0 = Debug|Any CPU
		{4EF4F75A-F5D2-4136-BF83-59878120A9A4}.Debug|iPhone.ActiveCfg = Debug|Any CPU
		{4EF4F75A-F5D2-4136-BF83-59878120A9A4}.Debug|iPhone.Build.0 = Debug|Any CPU
		{4EF4F75A-F5D2-4136-BF83-59878120A9A4}.Debug|iPhoneSimulator.ActiveCfg = Debug|Any CPU
		{4EF4F75A-F5D2-4136-BF83-59878120A9A4}.Debug|iPhoneSimulator.Build.0 = Debug|Any CPU
		{4EF4F75A-F5D2-4136-BF83-59878120A9A4}.Release|Any CPU.ActiveCfg = Release|Any CPU
		{4EF4F75A-F5D2-4136-BF83-59878120A9A4}.Release|Any CPU.Build.0 = Release|Any CPU
		{4EF4F75A-F5D2-4136-BF83-59878120A9A4}.Release|iPhone.ActiveCfg = Release|Any CPU
		{4EF4F75A-F5D2-4136-BF83-59878120A9A4}.Release|iPhone.Build.0 = Release|Any CPU
		{4EF4F75A-F5D2-4136-BF83-59878120A9A4}.Release|iPhoneSimulator.ActiveCfg = Release|Any CPU
		{4EF4F75A-F5D2-4136-BF83-59878120A9A4}.Release|iPhoneSimulator.Build.0 = Release|Any CPU
	EndGlobalSection
	GlobalSection(SolutionProperties) = preSolution
		HideSolutionNode = FALSE
	EndGlobalSection
	GlobalSection(ExtensibilityGlobals) = postSolution
		SolutionGuid = {C2904E47-B41B-4646-915F-545D2B7757C9}
	EndGlobalSection
EndGlobal
